{
  "version": 4,
  "terraform_version": "1.5.5",
  "serial": 24,
  "lineage": "3038f2a0-88f8-d030-f093-b42bf780310e",
  "outputs": {
    "app_id": {
      "value": "da5ccc1f-759a-4804-a560-edd2f2a7bc11",
      "type": "string"
    },
    "instrumentation_key": {
      "value": "69b5337c-b781-40e2-b7fa-0e93a493f578",
      "type": "string",
      "sensitive": true
    }
  },
  "resources": [
    {
      "mode": "managed",
      "type": "azurerm_application_insights",
      "name": "appService-app_insights",
      "provider": "provider[\"registry.terraform.io/hashicorp/azurerm\"]",
      "instances": [
        {
          "schema_version": 1,
          "attributes": {
            "app_id": "da5ccc1f-759a-4804-a560-edd2f2a7bc11",
            "application_type": "web",
            "connection_string": "InstrumentationKey=69b5337c-b781-40e2-b7fa-0e93a493f578;IngestionEndpoint=https://eastus-6.in.applicationinsights.azure.com/;LiveEndpoint=https://eastus.livediagnostics.monitor.azure.com/",
            "daily_data_cap_in_gb": 100,
            "daily_data_cap_notifications_disabled": false,
            "disable_ip_masking": false,
            "force_customer_storage_for_profiler": false,
            "id": "/subscriptions/3f219ba5-077d-4c81-a79d-e07b89d89a50/resourceGroups/dev-rg/providers/Microsoft.Insights/components/dev-appi-1",
            "instrumentation_key": "69b5337c-b781-40e2-b7fa-0e93a493f578",
            "internet_ingestion_enabled": true,
            "internet_query_enabled": true,
            "local_authentication_disabled": false,
            "location": "eastus",
            "name": "dev-appi-1",
            "resource_group_name": "dev-rg",
            "retention_in_days": 90,
            "sampling_percentage": 100,
            "tags": {},
            "timeouts": null,
            "workspace_id": ""
          },
          "sensitive_attributes": [],
          "private": "eyJlMmJmYjczMC1lY2FhLTExZTYtOGY4OC0zNDM2M2JjN2M0YzAiOnsiY3JlYXRlIjozNjAwMDAwMDAwMDAwLCJkZWxldGUiOjE4MDAwMDAwMDAwMDAsInJlYWQiOjMwMDAwMDAwMDAwMCwidXBkYXRlIjoxODAwMDAwMDAwMDAwfSwic2NoZW1hX3ZlcnNpb24iOiIxIn0=",
          "dependencies": [
            "azurerm_resource_group.resource_group"
          ]
        }
      ]
    },
    {
      "mode": "managed",
      "type": "azurerm_linux_web_app",
      "name": "appservice",
      "provider": "provider[\"registry.terraform.io/hashicorp/azurerm\"]",
      "instances": [
        {
          "schema_version": 1,
          "attributes": {
            "app_settings": {
              "APPINSIGHTS_INSTRUMENTATIONKEY": "69b5337c-b781-40e2-b7fa-0e93a493f578",
              "APPINSIGHTS_PROFILERFEATURE_VERSION": "1.0.0",
              "ApplicationInsightsAgent_EXTENSION_VERSION": "~2",
              "SOME_KEY": "some-value"
            },
            "auth_settings": [],
            "auth_settings_v2": [],
            "backup": [],
            "client_affinity_enabled": false,
            "client_certificate_enabled": false,
            "client_certificate_exclusion_paths": "",
            "client_certificate_mode": "Required",
            "connection_string": [
              {
                "name": "Database",
                "type": "SQLServer",
                "value": "Server=some-server.mydomain.com;Integrated Security=SSPI"
              }
            ],
            "custom_domain_verification_id": "A136BEE4AD7B494AAAEE2A1576398382AF0414457FF1EB7A790948AAEEA2D9A9",
            "default_hostname": "dev-app-1.azurewebsites.net",
            "enabled": true,
            "ftp_publish_basic_authentication_enabled": true,
            "hosting_environment_id": "",
            "https_only": true,
            "id": "/subscriptions/3f219ba5-077d-4c81-a79d-e07b89d89a50/resourceGroups/dev-rg/providers/Microsoft.Web/sites/dev-app-1",
            "identity": [],
            "key_vault_reference_identity_id": "SystemAssigned",
            "kind": "app,linux",
            "location": "eastus",
            "logs": [],
            "name": "dev-app-1",
            "outbound_ip_address_list": [
              "52.151.221.61",
              "52.151.221.107",
              "52.151.221.137",
              "52.151.221.182",
              "52.151.221.201",
              "52.151.221.227",
              "20.119.16.24"
            ],
            "outbound_ip_addresses": "52.151.221.61,52.151.221.107,52.151.221.137,52.151.221.182,52.151.221.201,52.151.221.227,20.119.16.24",
            "possible_outbound_ip_address_list": [
              "52.151.220.65",
              "52.151.220.76",
              "52.151.220.92",
              "52.151.220.113",
              "52.151.220.203",
              "52.151.220.211",
              "52.151.221.61",
              "52.151.221.107",
              "52.151.221.137",
              "52.151.221.182",
              "52.151.221.201",
              "52.151.221.227",
              "52.151.221.228",
              "52.151.221.247",
              "52.151.222.80",
              "52.151.222.84",
              "52.151.222.148",
              "52.151.222.203",
              "52.151.222.214",
              "52.151.222.216",
              "52.151.223.28",
              "52.151.223.64",
              "52.151.223.71",
              "52.151.223.138",
              "20.119.16.24"
            ],
            "possible_outbound_ip_addresses": "52.151.220.65,52.151.220.76,52.151.220.92,52.151.220.113,52.151.220.203,52.151.220.211,52.151.221.61,52.151.221.107,52.151.221.137,52.151.221.182,52.151.221.201,52.151.221.227,52.151.221.228,52.151.221.247,52.151.222.80,52.151.222.84,52.151.222.148,52.151.222.203,52.151.222.214,52.151.222.216,52.151.223.28,52.151.223.64,52.151.223.71,52.151.223.138,20.119.16.24",
            "public_network_access_enabled": true,
            "resource_group_name": "dev-rg",
            "service_plan_id": "/subscriptions/3f219ba5-077d-4c81-a79d-e07b89d89a50/resourceGroups/dev-rg/providers/Microsoft.Web/serverFarms/dev-plan",
            "site_config": [
              {
                "always_on": true,
                "api_definition_url": "",
                "api_management_api_id": "",
                "app_command_line": "",
                "application_stack": [
                  {
                    "docker_image": "",
                    "docker_image_name": "",
                    "docker_image_tag": "",
                    "docker_registry_password": "",
                    "docker_registry_url": "",
                    "docker_registry_username": "",
                    "dotnet_version": "",
                    "go_version": "",
                    "java_server": "",
                    "java_server_version": "",
                    "java_version": "",
                    "node_version": "",
                    "php_version": "",
                    "python_version": "",
                    "ruby_version": ""
                  }
                ],
                "auto_heal_enabled": false,
                "auto_heal_setting": [],
                "container_registry_managed_identity_client_id": "",
                "container_registry_use_managed_identity": false,
                "cors": [],
                "default_documents": [
                  "Default.htm",
                  "Default.html",
                  "Default.asp",
                  "index.htm",
                  "index.html",
                  "iisstart.htm",
                  "default.aspx",
                  "index.php",
                  "hostingstart.html"
                ],
                "detailed_error_logging_enabled": false,
                "ftps_state": "Disabled",
                "health_check_eviction_time_in_min": 0,
                "health_check_path": "",
                "http2_enabled": false,
                "ip_restriction": [],
                "linux_fx_version": "",
                "load_balancing_mode": "LeastRequests",
                "local_mysql_enabled": false,
                "managed_pipeline_mode": "Integrated",
                "minimum_tls_version": "1.2",
                "remote_debugging_enabled": false,
                "remote_debugging_version": "VS2019",
                "scm_ip_restriction": [],
                "scm_minimum_tls_version": "1.2",
                "scm_type": "None",
                "scm_use_main_ip_restriction": false,
                "use_32_bit_worker": true,
                "vnet_route_all_enabled": false,
                "websockets_enabled": false,
                "worker_count": 1
              }
            ],
            "site_credential": [
              {
                "name": "$dev-app-1",
                "password": "zb6aDmjNHXsvvuGLAz9MkbWWDAabjbwl2uWej1o7tSqdxdTsfQK1DB2PvfrS"
              }
            ],
            "sticky_settings": [],
            "storage_account": [],
            "tags": {},
            "timeouts": null,
            "virtual_network_subnet_id": "",
            "webdeploy_publish_basic_authentication_enabled": true,
            "zip_deploy_file": ""
          },
          "sensitive_attributes": [
            [
              {
                "type": "get_attr",
                "value": "app_settings"
              },
              {
                "type": "index",
                "value": {
                  "value": "APPINSIGHTS_INSTRUMENTATIONKEY",
                  "type": "string"
                }
              }
            ]
          ],
          "private": "eyJlMmJmYjczMC1lY2FhLTExZTYtOGY4OC0zNDM2M2JjN2M0YzAiOnsiY3JlYXRlIjoxODAwMDAwMDAwMDAwLCJkZWxldGUiOjE4MDAwMDAwMDAwMDAsInJlYWQiOjMwMDAwMDAwMDAwMCwidXBkYXRlIjoxODAwMDAwMDAwMDAwfSwic2NoZW1hX3ZlcnNpb24iOiIxIn0=",
          "dependencies": [
            "azurerm_application_insights.appService-app_insights",
            "azurerm_resource_group.resource_group",
            "azurerm_service_plan.appserviceplan1"
          ]
        }
      ]
    },
    {
      "mode": "managed",
      "type": "azurerm_monitor_autoscale_setting",
      "name": "appserviceplan1_autoscale",
      "provider": "provider[\"registry.terraform.io/hashicorp/azurerm\"]",
      "instances": [
        {
          "schema_version": 2,
          "attributes": {
            "enabled": true,
            "id": "/subscriptions/3f219ba5-077d-4c81-a79d-e07b89d89a50/resourceGroups/dev-rg/providers/Microsoft.Insights/autoScaleSettings/{var.environment}-{var.AppService1_AutoscaleSetting}",
            "location": "eastus",
            "name": "{var.environment}-{var.AppService1_AutoscaleSetting}",
            "notification": [],
            "predictive": [],
            "profile": [
              {
                "capacity": [
                  {
                    "default": 2,
                    "maximum": 4,
                    "minimum": 2
                  }
                ],
                "fixed_date": [],
                "name": "defaultProfile",
                "recurrence": [],
                "rule": [
                  {
                    "metric_trigger": [
                      {
                        "dimensions": [],
                        "divide_by_instance_count": false,
                        "metric_name": "CpuPercentage",
                        "metric_namespace": "",
                        "metric_resource_id": "/subscriptions/3f219ba5-077d-4c81-a79d-e07b89d89a50/resourceGroups/dev-rg/providers/Microsoft.Web/serverFarms/dev-plan",
                        "operator": "GreaterThan",
                        "statistic": "Average",
                        "threshold": 85,
                        "time_aggregation": "Average",
                        "time_grain": "PT1M",
                        "time_window": "PT5M"
                      }
                    ],
                    "scale_action": [
                      {
                        "cooldown": "PT1M",
                        "direction": "Increase",
                        "type": "ChangeCount",
                        "value": 1
                      }
                    ]
                  },
                  {
                    "metric_trigger": [
                      {
                        "dimensions": [],
                        "divide_by_instance_count": false,
                        "metric_name": "CpuPercentage",
                        "metric_namespace": "",
                        "metric_resource_id": "/subscriptions/3f219ba5-077d-4c81-a79d-e07b89d89a50/resourceGroups/dev-rg/providers/Microsoft.Web/serverFarms/dev-plan",
                        "operator": "LessThan",
                        "statistic": "Average",
                        "threshold": 40,
                        "time_aggregation": "Average",
                        "time_grain": "PT1M",
                        "time_window": "PT5M"
                      }
                    ],
                    "scale_action": [
                      {
                        "cooldown": "PT1M",
                        "direction": "Decrease",
                        "type": "ChangeCount",
                        "value": 1
                      }
                    ]
                  },
                  {
                    "metric_trigger": [
                      {
                        "dimensions": [],
                        "divide_by_instance_count": false,
                        "metric_name": "MemoryPercentage",
                        "metric_namespace": "",
                        "metric_resource_id": "/subscriptions/3f219ba5-077d-4c81-a79d-e07b89d89a50/resourceGroups/dev-rg/providers/Microsoft.Web/serverFarms/dev-plan",
                        "operator": "GreaterThan",
                        "statistic": "Average",
                        "threshold": 85,
                        "time_aggregation": "Average",
                        "time_grain": "PT1M",
                        "time_window": "PT5M"
                      }
                    ],
                    "scale_action": [
                      {
                        "cooldown": "PT1M",
                        "direction": "Increase",
                        "type": "ChangeCount",
                        "value": 1
                      }
                    ]
                  },
                  {
                    "metric_trigger": [
                      {
                        "dimensions": [],
                        "divide_by_instance_count": false,
                        "metric_name": "MemoryPercentage",
                        "metric_namespace": "",
                        "metric_resource_id": "/subscriptions/3f219ba5-077d-4c81-a79d-e07b89d89a50/resourceGroups/dev-rg/providers/Microsoft.Web/serverFarms/dev-plan",
                        "operator": "LessThan",
                        "statistic": "Average",
                        "threshold": 40,
                        "time_aggregation": "Average",
                        "time_grain": "PT1M",
                        "time_window": "PT5M"
                      }
                    ],
                    "scale_action": [
                      {
                        "cooldown": "PT1M",
                        "direction": "Decrease",
                        "type": "ChangeCount",
                        "value": 1
                      }
                    ]
                  }
                ]
              }
            ],
            "resource_group_name": "dev-rg",
            "tags": {},
            "target_resource_id": "/subscriptions/3f219ba5-077d-4c81-a79d-e07b89d89a50/resourceGroups/dev-rg/providers/Microsoft.Web/serverFarms/dev-plan",
            "timeouts": null
          },
          "sensitive_attributes": [],
          "private": "eyJlMmJmYjczMC1lY2FhLTExZTYtOGY4OC0zNDM2M2JjN2M0YzAiOnsiY3JlYXRlIjoxODAwMDAwMDAwMDAwLCJkZWxldGUiOjE4MDAwMDAwMDAwMDAsInJlYWQiOjMwMDAwMDAwMDAwMCwidXBkYXRlIjoxODAwMDAwMDAwMDAwfSwic2NoZW1hX3ZlcnNpb24iOiIyIn0=",
          "dependencies": [
            "azurerm_resource_group.resource_group",
            "azurerm_service_plan.appserviceplan1"
          ]
        }
      ]
    },
    {
      "mode": "managed",
      "type": "azurerm_postgresql_database",
      "name": "postgressql_db",
      "provider": "provider[\"registry.terraform.io/hashicorp/azurerm\"]",
      "instances": [
        {
          "schema_version": 1,
          "attributes": {
            "charset": "UTF8",
            "collation": "English_United States.1252",
            "id": "/subscriptions/3f219ba5-077d-4c81-a79d-e07b89d89a50/resourceGroups/dev-rg/providers/Microsoft.DBforPostgreSQL/servers/teva-dev-postgresql/databases/teva-teva",
            "name": "teva-teva",
            "resource_group_name": "dev-rg",
            "server_name": "teva-dev-postgresql",
            "timeouts": null
          },
          "sensitive_attributes": [],
          "private": "eyJlMmJmYjczMC1lY2FhLTExZTYtOGY4OC0zNDM2M2JjN2M0YzAiOnsiY3JlYXRlIjozNjAwMDAwMDAwMDAwLCJkZWxldGUiOjM2MDAwMDAwMDAwMDAsInJlYWQiOjMwMDAwMDAwMDAwMH0sInNjaGVtYV92ZXJzaW9uIjoiMSJ9",
          "dependencies": [
            "azurerm_postgresql_server.postgressql_server",
            "azurerm_resource_group.resource_group"
          ]
        }
      ]
    },
    {
      "mode": "managed",
      "type": "azurerm_postgresql_server",
      "name": "postgressql_server",
      "provider": "provider[\"registry.terraform.io/hashicorp/azurerm\"]",
      "instances": [
        {
          "schema_version": 1,
          "attributes": {
            "administrator_login": "georgi",
            "administrator_login_password": "Gepard.85",
            "auto_grow_enabled": true,
            "backup_retention_days": 7,
            "create_mode": "Default",
            "creation_source_server_id": null,
            "fqdn": "teva-dev-postgresql.postgres.database.azure.com",
            "geo_redundant_backup_enabled": false,
            "id": "/subscriptions/3f219ba5-077d-4c81-a79d-e07b89d89a50/resourceGroups/dev-rg/providers/Microsoft.DBforPostgreSQL/servers/teva-dev-postgresql",
            "identity": [],
            "infrastructure_encryption_enabled": false,
            "location": "eastus",
            "name": "teva-dev-postgresql",
            "public_network_access_enabled": true,
            "resource_group_name": "dev-rg",
            "restore_point_in_time": null,
            "sku_name": "B_Gen5_2",
            "ssl_enforcement_enabled": true,
            "ssl_minimal_tls_version_enforced": "TLS1_2",
            "storage_mb": 640000,
            "tags": null,
            "threat_detection_policy": [],
            "timeouts": null,
            "version": "11"
          },
          "sensitive_attributes": [
            [
              {
                "type": "get_attr",
                "value": "administrator_login_password"
              }
            ],
            [
              {
                "type": "get_attr",
                "value": "administrator_login"
              }
            ]
          ],
          "private": "eyJlMmJmYjczMC1lY2FhLTExZTYtOGY4OC0zNDM2M2JjN2M0YzAiOnsiY3JlYXRlIjozNjAwMDAwMDAwMDAwLCJkZWxldGUiOjM2MDAwMDAwMDAwMDAsInJlYWQiOjMwMDAwMDAwMDAwMCwidXBkYXRlIjozNjAwMDAwMDAwMDAwfSwic2NoZW1hX3ZlcnNpb24iOiIxIn0=",
          "dependencies": [
            "azurerm_resource_group.resource_group"
          ]
        }
      ]
    },
    {
      "mode": "managed",
      "type": "azurerm_resource_group",
      "name": "resource_group",
      "provider": "provider[\"registry.terraform.io/hashicorp/azurerm\"]",
      "instances": [
        {
          "schema_version": 0,
          "attributes": {
            "id": "/subscriptions/3f219ba5-077d-4c81-a79d-e07b89d89a50/resourceGroups/dev-rg",
            "location": "eastus",
            "managed_by": "",
            "name": "dev-rg",
            "tags": {},
            "timeouts": null
          },
          "sensitive_attributes": [],
          "private": "eyJlMmJmYjczMC1lY2FhLTExZTYtOGY4OC0zNDM2M2JjN2M0YzAiOnsiY3JlYXRlIjo1NDAwMDAwMDAwMDAwLCJkZWxldGUiOjU0MDAwMDAwMDAwMDAsInJlYWQiOjMwMDAwMDAwMDAwMCwidXBkYXRlIjo1NDAwMDAwMDAwMDAwfX0="
        }
      ]
    },
    {
      "mode": "managed",
      "type": "azurerm_service_plan",
      "name": "appserviceplan1",
      "provider": "provider[\"registry.terraform.io/hashicorp/azurerm\"]",
      "instances": [
        {
          "schema_version": 1,
          "attributes": {
            "app_service_environment_id": "",
            "id": "/subscriptions/3f219ba5-077d-4c81-a79d-e07b89d89a50/resourceGroups/dev-rg/providers/Microsoft.Web/serverFarms/dev-plan",
            "kind": "linux",
            "location": "eastus",
            "maximum_elastic_worker_count": 2,
            "name": "dev-plan",
            "os_type": "Linux",
            "per_site_scaling_enabled": false,
            "reserved": true,
            "resource_group_name": "dev-rg",
            "sku_name": "P1v2",
            "tags": {},
            "timeouts": null,
            "worker_count": 2,
            "zone_balancing_enabled": false
          },
          "sensitive_attributes": [],
          "private": "eyJlMmJmYjczMC1lY2FhLTExZTYtOGY4OC0zNDM2M2JjN2M0YzAiOnsiY3JlYXRlIjozNjAwMDAwMDAwMDAwLCJkZWxldGUiOjM2MDAwMDAwMDAwMDAsInJlYWQiOjMwMDAwMDAwMDAwMCwidXBkYXRlIjozNjAwMDAwMDAwMDAwfSwic2NoZW1hX3ZlcnNpb24iOiIxIn0=",
          "dependencies": [
            "azurerm_resource_group.resource_group"
          ]
        }
      ]
    },
    {
      "mode": "managed",
      "type": "azurerm_subnet",
      "name": "subnet-default",
      "provider": "provider[\"registry.terraform.io/hashicorp/azurerm\"]",
      "instances": [
        {
          "index_key": 0,
          "schema_version": 0,
          "attributes": {
            "address_prefixes": [
              "10.0.1.0/24"
            ],
            "delegation": [],
            "enforce_private_link_endpoint_network_policies": false,
            "enforce_private_link_service_network_policies": false,
            "id": "/subscriptions/3f219ba5-077d-4c81-a79d-e07b89d89a50/resourceGroups/dev-rg/providers/Microsoft.Network/virtualNetworks/dev-vnet/subnets/snet-teva-0",
            "name": "snet-teva-0",
            "private_endpoint_network_policies_enabled": true,
            "private_link_service_network_policies_enabled": true,
            "resource_group_name": "dev-rg",
            "service_endpoint_policy_ids": [],
            "service_endpoints": [],
            "timeouts": null,
            "virtual_network_name": "dev-vnet"
          },
          "sensitive_attributes": [],
          "private": "eyJlMmJmYjczMC1lY2FhLTExZTYtOGY4OC0zNDM2M2JjN2M0YzAiOnsiY3JlYXRlIjoxODAwMDAwMDAwMDAwLCJkZWxldGUiOjE4MDAwMDAwMDAwMDAsInJlYWQiOjMwMDAwMDAwMDAwMCwidXBkYXRlIjoxODAwMDAwMDAwMDAwfX0=",
          "dependencies": [
            "azurerm_resource_group.resource_group",
            "azurerm_virtual_network.vnet1"
          ]
        },
        {
          "index_key": 1,
          "schema_version": 0,
          "attributes": {
            "address_prefixes": [
              "10.0.0.0/24"
            ],
            "delegation": [],
            "enforce_private_link_endpoint_network_policies": false,
            "enforce_private_link_service_network_policies": false,
            "id": "/subscriptions/3f219ba5-077d-4c81-a79d-e07b89d89a50/resourceGroups/dev-rg/providers/Microsoft.Network/virtualNetworks/dev-vnet/subnets/snet-teva-1",
            "name": "snet-teva-1",
            "private_endpoint_network_policies_enabled": true,
            "private_link_service_network_policies_enabled": true,
            "resource_group_name": "dev-rg",
            "service_endpoint_policy_ids": [],
            "service_endpoints": [],
            "timeouts": null,
            "virtual_network_name": "dev-vnet"
          },
          "sensitive_attributes": [],
          "private": "eyJlMmJmYjczMC1lY2FhLTExZTYtOGY4OC0zNDM2M2JjN2M0YzAiOnsiY3JlYXRlIjoxODAwMDAwMDAwMDAwLCJkZWxldGUiOjE4MDAwMDAwMDAwMDAsInJlYWQiOjMwMDAwMDAwMDAwMCwidXBkYXRlIjoxODAwMDAwMDAwMDAwfX0=",
          "dependencies": [
            "azurerm_resource_group.resource_group",
            "azurerm_virtual_network.vnet1"
          ]
        }
      ]
    },
    {
      "mode": "managed",
      "type": "azurerm_traffic_manager_profile",
      "name": "traffic_manager",
      "provider": "provider[\"registry.terraform.io/hashicorp/azurerm\"]",
      "instances": [
        {
          "schema_version": 0,
          "attributes": {
            "dns_config": [
              {
                "relative_name": "27dff6d90b9c9026",
                "ttl": 100
              }
            ],
            "fqdn": "27dff6d90b9c9026.trafficmanager.net",
            "id": "/subscriptions/3f219ba5-077d-4c81-a79d-e07b89d89a50/resourceGroups/dev-rg/providers/Microsoft.Network/trafficManagerProfiles/dev-tevatraf1",
            "max_return": 0,
            "monitor_config": [
              {
                "custom_header": [],
                "expected_status_code_ranges": [],
                "interval_in_seconds": 30,
                "path": "/",
                "port": 80,
                "protocol": "HTTP",
                "timeout_in_seconds": 9,
                "tolerated_number_of_failures": 3
              }
            ],
            "name": "dev-tevatraf1",
            "profile_status": "Enabled",
            "resource_group_name": "dev-rg",
            "tags": {},
            "timeouts": null,
            "traffic_routing_method": "Weighted",
            "traffic_view_enabled": false
          },
          "sensitive_attributes": [],
          "private": "eyJlMmJmYjczMC1lY2FhLTExZTYtOGY4OC0zNDM2M2JjN2M0YzAiOnsiY3JlYXRlIjoxODAwMDAwMDAwMDAwLCJkZWxldGUiOjE4MDAwMDAwMDAwMDAsInJlYWQiOjMwMDAwMDAwMDAwMCwidXBkYXRlIjoxODAwMDAwMDAwMDAwfX0=",
          "dependencies": [
            "azurerm_resource_group.resource_group",
            "random_id.server"
          ]
        }
      ]
    },
    {
      "mode": "managed",
      "type": "azurerm_virtual_network",
      "name": "vnet1",
      "provider": "provider[\"registry.terraform.io/hashicorp/azurerm\"]",
      "instances": [
        {
          "schema_version": 0,
          "attributes": {
            "address_space": [
              "10.0.0.0/23"
            ],
            "bgp_community": "",
            "ddos_protection_plan": [],
            "dns_servers": [],
            "edge_zone": "",
            "encryption": [],
            "flow_timeout_in_minutes": 0,
            "guid": "4dea7461-3588-4c6e-9e05-83c66034588d",
            "id": "/subscriptions/3f219ba5-077d-4c81-a79d-e07b89d89a50/resourceGroups/dev-rg/providers/Microsoft.Network/virtualNetworks/dev-vnet",
            "location": "eastus",
            "name": "dev-vnet",
            "resource_group_name": "dev-rg",
            "subnet": [
              {
                "address_prefix": "10.0.0.0/24",
                "id": "/subscriptions/3f219ba5-077d-4c81-a79d-e07b89d89a50/resourceGroups/dev-rg/providers/Microsoft.Network/virtualNetworks/dev-vnet/subnets/snet-teva-1",
                "name": "snet-teva-1",
                "security_group": ""
              },
              {
                "address_prefix": "10.0.1.0/24",
                "id": "/subscriptions/3f219ba5-077d-4c81-a79d-e07b89d89a50/resourceGroups/dev-rg/providers/Microsoft.Network/virtualNetworks/dev-vnet/subnets/snet-teva-0",
                "name": "snet-teva-0",
                "security_group": ""
              }
            ],
            "tags": {},
            "timeouts": null
          },
          "sensitive_attributes": [],
          "private": "eyJlMmJmYjczMC1lY2FhLTExZTYtOGY4OC0zNDM2M2JjN2M0YzAiOnsiY3JlYXRlIjoxODAwMDAwMDAwMDAwLCJkZWxldGUiOjE4MDAwMDAwMDAwMDAsInJlYWQiOjMwMDAwMDAwMDAwMCwidXBkYXRlIjoxODAwMDAwMDAwMDAwfX0=",
          "dependencies": [
            "azurerm_resource_group.resource_group"
          ]
        }
      ]
    },
    {
      "mode": "managed",
      "type": "random_id",
      "name": "server",
      "provider": "provider[\"registry.terraform.io/hashicorp/random\"]",
      "instances": [
        {
          "schema_version": 0,
          "attributes": {
            "b64_std": "J9/22QuckCY=",
            "b64_url": "J9_22QuckCY",
            "byte_length": 8,
            "dec": "2873286499348811814",
            "hex": "27dff6d90b9c9026",
            "id": "J9_22QuckCY",
            "keepers": {
              "azi_id": "1"
            },
            "prefix": null
          },
          "sensitive_attributes": []
        }
      ]
    }
  ],
  "check_results": null
}
